// !$*UTF8*$!
{
	archiveVersion = 1;
	classes = {
	};
	objectVersion = 77;
	objects = {

/* Begin PBXContainerItemProxy section */
		1B35803E2DDA3F78002E0FDE /* PBXContainerItemProxy */ = {
			isa = PBXContainerItemProxy;
			containerPortal = 1B3580272DDA3F77002E0FDE /* Project object */;
			proxyType = 1;
			remoteGlobalIDString = 1B35802E2DDA3F77002E0FDE;
			remoteInfo = "K4 Utility";
		};
		1B3580482DDA3F78002E0FDE /* PBXContainerItemProxy */ = {
			isa = PBXContainerItemProxy;
			containerPortal = 1B3580272DDA3F77002E0FDE /* Project object */;
			proxyType = 1;
			remoteGlobalIDString = 1B35802E2DDA3F77002E0FDE;
			remoteInfo = "K4 Utility";
		};
/* End PBXContainerItemProxy section */

/* Begin PBXFileReference section */
		1B35802F2DDA3F77002E0FDE /* K4 Utility.app */ = {isa = PBXFileReference; explicitFileType = wrapper.application; includeInIndex = 0; path = "K4 Utility.app"; sourceTree = BUILT_PRODUCTS_DIR; };
		1B35803D2DDA3F78002E0FDE /* K4 UtilityTests.xctest */ = {isa = PBXFileReference; explicitFileType = wrapper.cfbundle; includeInIndex = 0; path = "K4 UtilityTests.xctest"; sourceTree = BUILT_PRODUCTS_DIR; };
		1B3580472DDA3F78002E0FDE /* K4 UtilityUITests.xctest */ = {isa = PBXFileReference; explicitFileType = wrapper.cfbundle; includeInIndex = 0; path = "K4 UtilityUITests.xctest"; sourceTree = BUILT_PRODUCTS_DIR; };
		1BE9B1062DF0EC9B00A6FB87 /* K4-Utility-Info.plist */ = {isa = PBXFileReference; lastKnownFileType = text.plist.xml; path = "K4-Utility-Info.plist"; sourceTree = "<group>"; };
/* End PBXFileReference section */

/* Begin PBXFileSystemSynchronizedBuildFileExceptionSet section */
		1BE9B1052DF0E4E200A6FB87 /* Exceptions for "K4 Utility" folder in "K4 Utility" target */ = {
			isa = PBXFileSystemSynchronizedBuildFileExceptionSet;
			platformFiltersByRelativePath = {
				LaunchScreen.storyboard = (ios, );
			};
			target = 1B35802E2DDA3F77002E0FDE /* K4 Utility */;
		};
/* End PBXFileSystemSynchronizedBuildFileExceptionSet section */

/* Begin PBXFileSystemSynchronizedRootGroup section */
		1B3580312DDA3F77002E0FDE /* K4 Utility */ = {
			isa = PBXFileSystemSynchronizedRootGroup;
			exceptions = (
				1BE9B1052DF0E4E200A6FB87 /* Exceptions for "K4 Utility" folder in "K4 Utility" target */,
			);
			path = "K4 Utility";
			sourceTree = "<group>";
		};
		1B3580402DDA3F78002E0FDE /* K4 UtilityTests */ = {
			isa = PBXFileSystemSynchronizedRootGroup;
			path = "K4 UtilityTests";
			sourceTree = "<group>";
		};
		1B35804A2DDA3F78002E0FDE /* K4 UtilityUITests */ = {
			isa = PBXFileSystemSynchronizedRootGroup;
			path = "K4 UtilityUITests";
			sourceTree = "<group>";
		};
/* End PBXFileSystemSynchronizedRootGroup section */

/* Begin PBXFrameworksBuildPhase section */
		1B35802C2DDA3F77002E0FDE /* Frameworks */ = {
			isa = PBXFrameworksBuildPhase;
			buildActionMask = 2147483647;
			files = (
			);
			runOnlyForDeploymentPostprocessing = 0;
		};
		1B35803A2DDA3F78002E0FDE /* Frameworks */ = {
			isa = PBXFrameworksBuildPhase;
			buildActionMask = 2147483647;
			files = (
			);
			runOnlyForDeploymentPostprocessing = 0;
		};
		1B3580442DDA3F78002E0FDE /* Frameworks */ = {
			isa = PBXFrameworksBuildPhase;
			buildActionMask = 2147483647;
			files = (
			);
			runOnlyForDeploymentPostprocessing = 0;
		};
/* End PBXFrameworksBuildPhase section */

/* Begin PBXGroup section */
		1B3580262DDA3F77002E0FDE = {
			isa = PBXGroup;
			children = (
				1BE9B1062DF0EC9B00A6FB87 /* K4-Utility-Info.plist */,
				1B3580312DDA3F77002E0FDE /* K4 Utility */,
				1B3580402DDA3F78002E0FDE /* K4 UtilityTests */,
				1B35804A2DDA3F78002E0FDE /* K4 UtilityUITests */,
				1B3580302DDA3F77002E0FDE /* Products */,
			);
			sourceTree = "<group>";
		};
		1B3580302DDA3F77002E0FDE /* Products */ = {
			isa = PBXGroup;
			children = (
				1B35802F2DDA3F77002E0FDE /* K4 Utility.app */,
				1B35803D2DDA3F78002E0FDE /* K4 UtilityTests.xctest */,
				1B3580472DDA3F78002E0FDE /* K4 UtilityUITests.xctest */,
			);
			name = Products;
			sourceTree = "<group>";
		};
/* End PBXGroup section */

/* Begin PBXNativeTarget section */
		1B35802E2DDA3F77002E0FDE /* K4 Utility */ = {
			isa = PBXNativeTarget;
			buildConfigurationList = 1B3580512DDA3F78002E0FDE /* Build configuration list for PBXNativeTarget "K4 Utility" */;
			buildPhases = (
				1B35802B2DDA3F77002E0FDE /* Sources */,
				1B35802C2DDA3F77002E0FDE /* Frameworks */,
				1B35802D2DDA3F77002E0FDE /* Resources */,
			);
			buildRules = (
			);
			dependencies = (
			);
			fileSystemSynchronizedGroups = (
				1B3580312DDA3F77002E0FDE /* K4 Utility */,
			);
			name = "K4 Utility";
			packageProductDependencies = (
			);
			productName = "K4 Utility";
			productReference = 1B35802F2DDA3F77002E0FDE /* K4 Utility.app */;
			productType = "com.apple.product-type.application";
		};
		1B35803C2DDA3F78002E0FDE /* K4 UtilityTests */ = {
			isa = PBXNativeTarget;
			buildConfigurationList = 1B3580542DDA3F78002E0FDE /* Build configuration list for PBXNativeTarget "K4 UtilityTests" */;
			buildPhases = (
				1B3580392DDA3F78002E0FDE /* Sources */,
				1B35803A2DDA3F78002E0FDE /* Frameworks */,
				1B35803B2DDA3F78002E0FDE /* Resources */,
			);
			buildRules = (
			);
			dependencies = (
				1B35803F2DDA3F78002E0FDE /* PBXTargetDependency */,
			);
			fileSystemSynchronizedGroups = (
				1B3580402DDA3F78002E0FDE /* K4 UtilityTests */,
			);
			name = "K4 UtilityTests";
			packageProductDependencies = (
			);
			productName = "K4 UtilityTests";
			productReference = 1B35803D2DDA3F78002E0FDE /* K4 UtilityTests.xctest */;
			productType = "com.apple.product-type.bundle.unit-test";
		};
		1B3580462DDA3F78002E0FDE /* K4 UtilityUITests */ = {
			isa = PBXNativeTarget;
			buildConfigurationList = 1B3580572DDA3F78002E0FDE /* Build configuration list for PBXNativeTarget "K4 UtilityUITests" */;
			buildPhases = (
				1B3580432DDA3F78002E0FDE /* Sources */,
				1B3580442DDA3F78002E0FDE /* Frameworks */,
				1B3580452DDA3F78002E0FDE /* Resources */,
			);
			buildRules = (
			);
			dependencies = (
				1B3580492DDA3F78002E0FDE /* PBXTargetDependency */,
			);
			fileSystemSynchronizedGroups = (
				1B35804A2DDA3F78002E0FDE /* K4 UtilityUITests */,
			);
			name = "K4 UtilityUITests";
			packageProductDependencies = (
			);
			productName = "K4 UtilityUITests";
			productReference = 1B3580472DDA3F78002E0FDE /* K4 UtilityUITests.xctest */;
			productType = "com.apple.product-type.bundle.ui-testing";
		};
/* End PBXNativeTarget section */

/* Begin PBXProject section */
		1B3580272DDA3F77002E0FDE /* Project object */ = {
			isa = PBXProject;
			attributes = {
				BuildIndependentTargetsInParallel = 1;
				LastSwiftUpdateCheck = 1630;
				LastUpgradeCheck = 1640;
				TargetAttributes = {
					1B35802E2DDA3F77002E0FDE = {
						CreatedOnToolsVersion = 16.3;
					};
					1B35803C2DDA3F78002E0FDE = {
						CreatedOnToolsVersion = 16.3;
						TestTargetID = 1B35802E2DDA3F77002E0FDE;
					};
					1B3580462DDA3F78002E0FDE = {
						CreatedOnToolsVersion = 16.3;
						TestTargetID = 1B35802E2DDA3F77002E0FDE;
					};
				};
			};
			buildConfigurationList = 1B35802A2DDA3F77002E0FDE /* Build configuration list for PBXProject "K4 Utility" */;
			developmentRegion = en;
			hasScannedForEncodings = 0;
			knownRegions = (
				en,
				Base,
			);
			mainGroup = 1B3580262DDA3F77002E0FDE;
			minimizedProjectReferenceProxies = 1;
			preferredProjectObjectVersion = 77;
			productRefGroup = 1B3580302DDA3F77002E0FDE /* Products */;
			projectDirPath = "";
			projectRoot = "";
			targets = (
				1B35802E2DDA3F77002E0FDE /* K4 Utility */,
				1B35803C2DDA3F78002E0FDE /* K4 UtilityTests */,
				1B3580462DDA3F78002E0FDE /* K4 UtilityUITests */,
			);
		};
/* End PBXProject section */

/* Begin PBXResourcesBuildPhase section */
		1B35802D2DDA3F77002E0FDE /* Resources */ = {
			isa = PBXResourcesBuildPhase;
			buildActionMask = 2147483647;
			files = (
			);
			runOnlyForDeploymentPostprocessing = 0;
		};
		1B35803B2DDA3F78002E0FDE /* Resources */ = {
			isa = PBXResourcesBuildPhase;
			buildActionMask = 2147483647;
			files = (
			);
			runOnlyForDeploymentPostprocessing = 0;
		};
		1B3580452DDA3F78002E0FDE /* Resources */ = {
			isa = PBXResourcesBuildPhase;
			buildActionMask = 2147483647;
			files = (
			);
			runOnlyForDeploymentPostprocessing = 0;
		};
/* End PBXResourcesBuildPhase section */

/* Begin PBXSourcesBuildPhase section */
		1B35802B2DDA3F77002E0FDE /* Sources */ = {
			isa = PBXSourcesBuildPhase;
			buildActionMask = 2147483647;
			files = (
			);
			runOnlyForDeploymentPostprocessing = 0;
		};
		1B3580392DDA3F78002E0FDE /* Sources */ = {
			isa = PBXSourcesBuildPhase;
			buildActionMask = 2147483647;
			files = (
			);
			runOnlyForDeploymentPostprocessing = 0;
		};
		1B3580432DDA3F78002E0FDE /* Sources */ = {
			isa = PBXSourcesBuildPhase;
			buildActionMask = 2147483647;
			files = (
			);
			runOnlyForDeploymentPostprocessing = 0;
		};
/* End PBXSourcesBuildPhase section */

/* Begin PBXTargetDependency section */
		1B35803F2DDA3F78002E0FDE /* PBXTargetDependency */ = {
			isa = PBXTargetDependency;
			target = 1B35802E2DDA3F77002E0FDE /* K4 Utility */;
			targetProxy = 1B35803E2DDA3F78002E0FDE /* PBXContainerItemProxy */;
		};
		1B3580492DDA3F78002E0FDE /* PBXTargetDependency */ = {
			isa = PBXTargetDependency;
			target = 1B35802E2DDA3F77002E0FDE /* K4 Utility */;
			targetProxy = 1B3580482DDA3F78002E0FDE /* PBXContainerItemProxy */;
		};
/* End PBXTargetDependency section */

/* Begin XCBuildConfiguration section */
		1B35804F2DDA3F78002E0FDE /* Debug */ = {
			isa = XCBuildConfiguration;
			buildSettings = {
				ALWAYS_SEARCH_USER_PATHS = NO;
				ASSETCATALOG_COMPILER_GENERATE_SWIFT_ASSET_SYMBOL_EXTENSIONS = YES;
				CLANG_ANALYZER_NONNULL = YES;
				CLANG_ANALYZER_NUMBER_OBJECT_CONVERSION = YES_AGGRESSIVE;
				CLANG_CXX_LANGUAGE_STANDARD = "gnu++20";
				CLANG_ENABLE_MODULES = YES;
				CLANG_ENABLE_OBJC_ARC = YES;
				CLANG_ENABLE_OBJC_WEAK = YES;
				CLANG_WARN_BLOCK_CAPTURE_AUTORELEASING = YES;
				CLANG_WARN_BOOL_CONVERSION = YES;
				CLANG_WARN_COMMA = YES;
				CLANG_WARN_CONSTANT_CONVERSION = YES;
				CLANG_WARN_DEPRECATED_OBJC_IMPLEMENTATIONS = YES;
				CLANG_WARN_DIRECT_OBJC_ISA_USAGE = YES_ERROR;
				CLANG_WARN_DOCUMENTATION_COMMENTS = YES;
				CLANG_WARN_EMPTY_BODY = YES;
				CLANG_WARN_ENUM_CONVERSION = YES;
				CLANG_WARN_INFINITE_RECURSION = YES;
				CLANG_WARN_INT_CONVERSION = YES;
				CLANG_WARN_NON_LITERAL_NULL_CONVERSION = YES;
				CLANG_WARN_OBJC_IMPLICIT_RETAIN_SELF = YES;
				CLANG_WARN_OBJC_LITERAL_CONVERSION = YES;
				CLANG_WARN_OBJC_ROOT_CLASS = YES_ERROR;
				CLANG_WARN_QUOTED_INCLUDE_IN_FRAMEWORK_HEADER = YES;
				CLANG_WARN_RANGE_LOOP_ANALYSIS = YES;
				CLANG_WARN_STRICT_PROTOTYPES = YES;
				CLANG_WARN_SUSPICIOUS_MOVE = YES;
				CLANG_WARN_UNGUARDED_AVAILABILITY = YES_AGGRESSIVE;
				CLANG_WARN_UNREACHABLE_CODE = YES;
				CLANG_WARN__DUPLICATE_METHOD_MATCH = YES;
				COPY_PHASE_STRIP = NO;
				DEAD_CODE_STRIPPING = YES;
				DEBUG_INFORMATION_FORMAT = dwarf;
				DEVELOPMENT_TEAM = 49G92DYD5H;
				ENABLE_STRICT_OBJC_MSGSEND = YES;
				ENABLE_TESTABILITY = YES;
				ENABLE_USER_SCRIPT_SANDBOXING = YES;
				GCC_C_LANGUAGE_STANDARD = gnu17;
				GCC_DYNAMIC_NO_PIC = NO;
				GCC_NO_COMMON_BLOCKS = YES;
				GCC_OPTIMIZATION_LEVEL = 0;
				GCC_PREPROCESSOR_DEFINITIONS = (
					"DEBUG=1",
					"$(inherited)",
				);
				GCC_WARN_64_TO_32_BIT_CONVERSION = YES;
				GCC_WARN_ABOUT_RETURN_TYPE = YES_ERROR;
				GCC_WARN_UNDECLARED_SELECTOR = YES;
				GCC_WARN_UNINITIALIZED_AUTOS = YES_AGGRESSIVE;
				GCC_WARN_UNUSED_FUNCTION = YES;
				GCC_WARN_UNUSED_VARIABLE = YES;
				GENERATE_INFOPLIST_FILE = YES;
				LOCALIZATION_PREFERS_STRING_CATALOGS = YES;
				MACOSX_DEPLOYMENT_TARGET = 15.4;
				MTL_ENABLE_DEBUG_INFO = INCLUDE_SOURCE;
				MTL_FAST_MATH = YES;
				ONLY_ACTIVE_ARCH = YES;
				SDKROOT = macosx;
				SWIFT_ACTIVE_COMPILATION_CONDITIONS = "DEBUG $(inherited)";
				SWIFT_OPTIMIZATION_LEVEL = "-Onone";
			};
			name = Debug;
		};
		1B3580502DDA3F78002E0FDE /* Release */ = {
			isa = XCBuildConfiguration;
			buildSettings = {
				ALWAYS_SEARCH_USER_PATHS = NO;
				ASSETCATALOG_COMPILER_GENERATE_SWIFT_ASSET_SYMBOL_EXTENSIONS = YES;
				CLANG_ANALYZER_NONNULL = YES;
				CLANG_ANALYZER_NUMBER_OBJECT_CONVERSION = YES_AGGRESSIVE;
				CLANG_CXX_LANGUAGE_STANDARD = "gnu++20";
				CLANG_ENABLE_MODULES = YES;
				CLANG_ENABLE_OBJC_ARC = YES;
				CLANG_ENABLE_OBJC_WEAK = YES;
				CLANG_WARN_BLOCK_CAPTURE_AUTORELEASING = YES;
				CLANG_WARN_BOOL_CONVERSION = YES;
				CLANG_WARN_COMMA = YES;
				CLANG_WARN_CONSTANT_CONVERSION = YES;
				CLANG_WARN_DEPRECATED_OBJC_IMPLEMENTATIONS = YES;
				CLANG_WARN_DIRECT_OBJC_ISA_USAGE = YES_ERROR;
				CLANG_WARN_DOCUMENTATION_COMMENTS = YES;
				CLANG_WARN_EMPTY_BODY = YES;
				CLANG_WARN_ENUM_CONVERSION = YES;
				CLANG_WARN_INFINITE_RECURSION = YES;
				CLANG_WARN_INT_CONVERSION = YES;
				CLANG_WARN_NON_LITERAL_NULL_CONVERSION = YES;
				CLANG_WARN_OBJC_IMPLICIT_RETAIN_SELF = YES;
				CLANG_WARN_OBJC_LITERAL_CONVERSION = YES;
				CLANG_WARN_OBJC_ROOT_CLASS = YES_ERROR;
				CLANG_WARN_QUOTED_INCLUDE_IN_FRAMEWORK_HEADER = YES;
				CLANG_WARN_RANGE_LOOP_ANALYSIS = YES;
				CLANG_WARN_STRICT_PROTOTYPES = YES;
				CLANG_WARN_SUSPICIOUS_MOVE = YES;
				CLANG_WARN_UNGUARDED_AVAILABILITY = YES_AGGRESSIVE;
				CLANG_WARN_UNREACHABLE_CODE = YES;
				CLANG_WARN__DUPLICATE_METHOD_MATCH = YES;
				COPY_PHASE_STRIP = NO;
				DEAD_CODE_STRIPPING = YES;
				DEBUG_INFORMATION_FORMAT = "dwarf-with-dsym";
				DEVELOPMENT_TEAM = 49G92DYD5H;
				ENABLE_NS_ASSERTIONS = NO;
				ENABLE_STRICT_OBJC_MSGSEND = YES;
				ENABLE_USER_SCRIPT_SANDBOXING = YES;
				GCC_C_LANGUAGE_STANDARD = gnu17;
				GCC_NO_COMMON_BLOCKS = YES;
				GCC_WARN_64_TO_32_BIT_CONVERSION = YES;
				GCC_WARN_ABOUT_RETURN_TYPE = YES_ERROR;
				GCC_WARN_UNDECLARED_SELECTOR = YES;
				GCC_WARN_UNINITIALIZED_AUTOS = YES_AGGRESSIVE;
				GCC_WARN_UNUSED_FUNCTION = YES;
				GCC_WARN_UNUSED_VARIABLE = YES;
				GENERATE_INFOPLIST_FILE = YES;
				LOCALIZATION_PREFERS_STRING_CATALOGS = YES;
				MACOSX_DEPLOYMENT_TARGET = 15.4;
				MTL_ENABLE_DEBUG_INFO = NO;
				MTL_FAST_MATH = YES;
				SDKROOT = macosx;
				SWIFT_COMPILATION_MODE = wholemodule;
			};
			name = Release;
		};
		1B3580522DDA3F78002E0FDE /* Debug */ = {
			isa = XCBuildConfiguration;
			buildSettings = {
				ASSETCATALOG_COMPILER_APPICON_NAME = AppIcon;
				ASSETCATALOG_COMPILER_GLOBAL_ACCENT_COLOR_NAME = AccentColor;
				ASSETCATALOG_COMPILER_INCLUDE_ALL_APPICON_ASSETS = YES;
				CODE_SIGN_ENTITLEMENTS = "K4 Utility/K4_Utility.entitlements";
				"CODE_SIGN_IDENTITY[sdk=macosx*]" = "Apple Development";
				CODE_SIGN_STYLE = Automatic;
				COMBINE_HIDPI_IMAGES = YES;
				DEAD_CODE_STRIPPING = YES;
				DEVELOPMENT_TEAM = 49G92DYD5H;
				ENABLE_HARDENED_RUNTIME = YES;
				ENABLE_PREVIEWS = YES;
				GENERATE_INFOPLIST_FILE = YES;
				INFOPLIST_FILE = "K4-Utility-Info.plist";
				INFOPLIST_KEY_CFBundleDisplayName = "K4 Utility";
				INFOPLIST_KEY_ITSAppUsesNonExemptEncryption = NO;
				INFOPLIST_KEY_LSApplicationCategoryType = "public.app-category.utilities";
				INFOPLIST_KEY_NSHumanReadableCopyright = "Mike Garcia";
				INFOPLIST_KEY_UILaunchStoryboardName = LaunchScreen;
				INFOPLIST_KEY_UISupportedInterfaceOrientations_iPad = "UIInterfaceOrientationLandscapeLeft UIInterfaceOrientationLandscapeRight UIInterfaceOrientationPortrait";
				IPHONEOS_DEPLOYMENT_TARGET = 18.0;
				LD_RUNPATH_SEARCH_PATHS = (
					"$(inherited)",
					"@executable_path/../Frameworks",
				);
				MACOSX_DEPLOYMENT_TARGET = 15.0;
				MARKETING_VERSION = 0.9.0;
				"MARKETING_VERSION[sdk=iphoneos*]" = 0.9.1;
				"MARKETING_VERSION[sdk=macosx*]" = 0.9.1;
				PRODUCT_BUNDLE_IDENTIFIER = "com.michgagar.K4-Utility";
				PRODUCT_NAME = "$(TARGET_NAME)";
				REGISTER_APP_GROUPS = YES;
				SUPPORTED_PLATFORMS = "iphoneos iphonesimulator macosx";
				SUPPORTS_MACCATALYST = NO;
				SWIFT_EMIT_LOC_STRINGS = YES;
				SWIFT_VERSION = 5.0;
				TARGETED_DEVICE_FAMILY = 2;
			};
			name = Debug;
		};
		1B3580532DDA3F78002E0FDE /* Release */ = {
			isa = XCBuildConfiguration;
			buildSettings = {
				ASSETCATALOG_COMPILER_APPICON_NAME = AppIcon;
				ASSETCATALOG_COMPILER_GLOBAL_ACCENT_COLOR_NAME = AccentColor;
				ASSETCATALOG_COMPILER_INCLUDE_ALL_APPICON_ASSETS = YES;
				CODE_SIGN_ENTITLEMENTS = "K4 Utility/K4_Utility.entitlements";
				"CODE_SIGN_IDENTITY[sdk=macosx*]" = "Apple Development";
				CODE_SIGN_STYLE = Automatic;
				COMBINE_HIDPI_IMAGES = YES;
				DEAD_CODE_STRIPPING = YES;
				DEVELOPMENT_TEAM = 49G92DYD5H;
				ENABLE_HARDENED_RUNTIME = YES;
				ENABLE_PREVIEWS = YES;
				GENERATE_INFOPLIST_FILE = YES;
				INFOPLIST_FILE = "K4-Utility-Info.plist";
				INFOPLIST_KEY_CFBundleDisplayName = "K4 Utility";
				INFOPLIST_KEY_ITSAppUsesNonExemptEncryption = NO;
				INFOPLIST_KEY_LSApplicationCategoryType = "public.app-category.utilities";
				INFOPLIST_KEY_NSHumanReadableCopyright = "Mike Garcia";
				INFOPLIST_KEY_UILaunchStoryboardName = LaunchScreen;
				INFOPLIST_KEY_UISupportedInterfaceOrientations_iPad = "UIInterfaceOrientationLandscapeLeft UIInterfaceOrientationLandscapeRight UIInterfaceOrientationPortrait";
				IPHONEOS_DEPLOYMENT_TARGET = 18.0;
				LD_RUNPATH_SEARCH_PATHS = (
					"$(inherited)",
					"@executable_path/../Frameworks",
				);
				MACOSX_DEPLOYMENT_TARGET = 15.0;
				MARKETING_VERSION = 0.9.0;
				"MARKETING_VERSION[sdk=iphoneos*]" = 0.9.1;
				"MARKETING_VERSION[sdk=macosx*]" = 0.9.1;
				PRODUCT_BUNDLE_IDENTIFIER = "com.michgagar.K4-Utility";
				PRODUCT_NAME = "$(TARGET_NAME)";
				REGISTER_APP_GROUPS = YES;
				SUPPORTED_PLATFORMS = "iphoneos iphonesimulator macosx";
				SUPPORTS_MACCATALYST = NO;
				SWIFT_EMIT_LOC_STRINGS = YES;
				SWIFT_VERSION = 5.0;
				TARGETED_DEVICE_FAMILY = 2;
			};
			name = Release;
		};
		1B3580552DDA3F78002E0FDE /* Debug */ = {
			isa = XCBuildConfiguration;
			buildSettings = {
				BUNDLE_LOADER = "$(TEST_HOST)";
				CODE_SIGN_STYLE = Automatic;
				CURRENT_PROJECT_VERSION = 1;
				DEAD_CODE_STRIPPING = YES;
				DEVELOPMENT_TEAM = 49G92DYD5H;
				GENERATE_INFOPLIST_FILE = YES;
				MACOSX_DEPLOYMENT_TARGET = 15.4;
				MARKETING_VERSION = 1.0;
				PRODUCT_BUNDLE_IDENTIFIER = "com.michgagar.K4-UtilityTests";
				PRODUCT_NAME = "$(TARGET_NAME)";
				SWIFT_EMIT_LOC_STRINGS = NO;
				SWIFT_VERSION = 5.0;
				TEST_HOST = "$(BUILT_PRODUCTS_DIR)/K4 Utility.app/$(BUNDLE_EXECUTABLE_FOLDER_PATH)/K4 Utility";
			};
			name = Debug;
		};
		1B3580562DDA3F78002E0FDE /* Release */ = {
			isa = XCBuildConfiguration;
			buildSettings = {
				BUNDLE_LOADER = "$(TEST_HOST)";
				CODE_SIGN_STYLE = Automatic;
				CURRENT_PROJECT_VERSION = 1;
				DEAD_CODE_STRIPPING = YES;
				DEVELOPMENT_TEAM = 49G92DYD5H;
				GENERATE_INFOPLIST_FILE = YES;
				MACOSX_DEPLOYMENT_TARGET = 15.4;
				MARKETING_VERSION = 1.0;
				PRODUCT_BUNDLE_IDENTIFIER = "com.michgagar.K4-UtilityTests";
				PRODUCT_NAME = "$(TARGET_NAME)";
				SWIFT_EMIT_LOC_STRINGS = NO;
				SWIFT_VERSION = 5.0;
				TEST_HOST = "$(BUILT_PRODUCTS_DIR)/K4 Utility.app/$(BUNDLE_EXECUTABLE_FOLDER_PATH)/K4 Utility";
			};
			name = Release;
		};
		1B3580582DDA3F78002E0FDE /* Debug */ = {
			isa = XCBuildConfiguration;
			buildSettings = {
				CODE_SIGN_STYLE = Automatic;
				CURRENT_PROJECT_VERSION = 1;
				DEAD_CODE_STRIPPING = YES;
				DEVELOPMENT_TEAM = 49G92DYD5H;
				GENERATE_INFOPLIST_FILE = YES;
				MARKETING_VERSION = 1.0;
				PRODUCT_BUNDLE_IDENTIFIER = "com.michgagar.K4-UtilityUITests";
				PRODUCT_NAME = "$(TARGET_NAME)";
				SWIFT_EMIT_LOC_STRINGS = NO;
				SWIFT_VERSION = 5.0;
				TEST_TARGET_NAME = "K4 Utility";
			};
			name = Debug;
		};
		1B3580592DDA3F78002E0FDE /* Release */ = {
			isa = XCBuildConfiguration;
			buildSettings = {
				CODE_SIGN_STYLE = Automatic;
				CURRENT_PROJECT_VERSION = 1;
				DEAD_CODE_STRIPPING = YES;
				DEVELOPMENT_TEAM = 49G92DYD5H;
				GENERATE_INFOPLIST_FILE = YES;
				MARKETING_VERSION = 1.0;
				PRODUCT_BUNDLE_IDENTIFIER = "com.michgagar.K4-UtilityUITests";
				PRODUCT_NAME = "$(TARGET_NAME)";
				SWIFT_EMIT_LOC_STRINGS = NO;
				SWIFT_VERSION = 5.0;
				TEST_TARGET_NAME = "K4 Utility";
			};
			name = Release;
		};
/* End XCBuildConfiguration section */

/* Begin XCConfigurationList section */
		1B35802A2DDA3F77002E0FDE /* Build configuration list for PBXProject "K4 Utility" */ = {
			isa = XCConfigurationList;
			buildConfigurations = (
				1B35804F2DDA3F78002E0FDE /* Debug */,
				1B3580502DDA3F78002E0FDE /* Release */,
			);
			defaultConfigurationIsVisible = 0;
			defaultConfigurationName = Release;
		};
		1B3580512DDA3F78002E0FDE /* Build configuration list for PBXNativeTarget "K4 Utility" */ = {
			isa = XCConfigurationList;
			buildConfigurations = (
				1B3580522DDA3F78002E0FDE /* Debug */,
				1B3580532DDA3F78002E0FDE /* Release */,
			);
			defaultConfigurationIsVisible = 0;
			defaultConfigurationName = Release;
		};
		1B3580542DDA3F78002E0FDE /* Build configuration list for PBXNativeTarget "K4 UtilityTests" */ = {
			isa = XCConfigurationList;
			buildConfigurations = (
				1B3580552DDA3F78002E0FDE /* Debug */,
				1B3580562DDA3F78002E0FDE /* Release */,
			);
			defaultConfigurationIsVisible = 0;
			defaultConfigurationName = Release;
		};
		1B3580572DDA3F78002E0FDE /* Build configuration list for PBXNativeTarget "K4 UtilityUITests" */ = {
			isa = XCConfigurationList;
			buildConfigurations = (
				1B3580582DDA3F78002E0FDE /* Debug */,
				1B3580592DDA3F78002E0FDE /* Release */,
			);
			defaultConfigurationIsVisible = 0;
			defaultConfigurationName = Release;
		};
/* End XCConfigurationList section */
	};
	rootObject = 1B3580272DDA3F77002E0FDE /* Project object */;
}
